
Microsoft Visual Studio Solution File, Format Version 12.00
# Visual Studio 14
VisualStudioVersion = 14.0.25123.0
MinimumVisualStudioVersion = 10.0.40219.1
Project("{FAE04EC0-301F-11D3-BF4B-00C04F79EFBC}") = "Mtapp.Droid", "Mtapp\Mtapp.Droid\Mtapp.Droid.csproj", "{0D9E5D39-07F4-4B20-A459-3E3D62710E09}"
EndProject
Project("{FAE04EC0-301F-11D3-BF4B-00C04F79EFBC}") = "Mtapp.iOS", "Mtapp\Mtapp.iOS\Mtapp.iOS.csproj", "{53228C2F-215B-401D-849C-070231F9B060}"
EndProject
Project("{FAE04EC0-301F-11D3-BF4B-00C04F79EFBC}") = "Mtapp", "Mtapp\Mtapp\Mtapp.csproj", "{3444269C-EC1C-4DEE-96AB-CAC33956BEED}"
EndProject
Global
	GlobalSection(SolutionConfigurationPlatforms) = preSolution
		Ad-Hoc|Any CPU = Ad-Hoc|Any CPU
		Ad-Hoc|ARM = Ad-Hoc|ARM
		Ad-Hoc|iPhone = Ad-Hoc|iPhone
		Ad-Hoc|iPhoneSimulator = Ad-Hoc|iPhoneSimulator
		Ad-Hoc|x64 = Ad-Hoc|x64
		Ad-Hoc|x86 = Ad-Hoc|x86
		AppStore|Any CPU = AppStore|Any CPU
		AppStore|ARM = AppStore|ARM
		AppStore|iPhone = AppStore|iPhone
		AppStore|iPhoneSimulator = AppStore|iPhoneSimulator
		AppStore|x64 = AppStore|x64
		AppStore|x86 = AppStore|x86
		Debug|Any CPU = Debug|Any CPU
		Debug|ARM = Debug|ARM
		Debug|iPhone = Debug|iPhone
		Debug|iPhoneSimulator = Debug|iPhoneSimulator
		Debug|x64 = Debug|x64
		Debug|x86 = Debug|x86
		Release|Any CPU = Release|Any CPU
		Release|ARM = Release|ARM
		Release|iPhone = Release|iPhone
		Release|iPhoneSimulator = Release|iPhoneSimulator
		Release|x64 = Release|x64
		Release|x86 = Release|x86
	EndGlobalSection
	GlobalSection(ProjectConfigurationPlatforms) = postSolution
		{0D9E5D39-07F4-4B20-A459-3E3D62710E09}.Ad-Hoc|Any CPU.ActiveCfg = Release|Any CPU
		{0D9E5D39-07F4-4B20-A459-3E3D62710E09}.Ad-Hoc|Any CPU.Build.0 = Release|Any CPU
		{0D9E5D39-07F4-4B20-A459-3E3D62710E09}.Ad-Hoc|Any CPU.Deploy.0 = Release|Any CPU
		{0D9E5D39-07F4-4B20-A459-3E3D62710E09}.Ad-Hoc|ARM.ActiveCfg = Release|Any CPU
		{0D9E5D39-07F4-4B20-A459-3E3D62710E09}.Ad-Hoc|ARM.Build.0 = Release|Any CPU
		{0D9E5D39-07F4-4B20-A459-3E3D62710E09}.Ad-Hoc|ARM.Deploy.0 = Release|Any CPU
		{0D9E5D39-07F4-4B20-A459-3E3D62710E09}.Ad-Hoc|iPhone.ActiveCfg = Release|Any CPU
		{0D9E5D39-07F4-4B20-A459-3E3D62710E09}.Ad-Hoc|iPhone.Build.0 = Release|Any CPU
		{0D9E5D39-07F4-4B20-A459-3E3D62710E09}.Ad-Hoc|iPhone.Deploy.0 = Release|Any CPU
		{0D9E5D39-07F4-4B20-A459-3E3D62710E09}.Ad-Hoc|iPhoneSimulator.ActiveCfg = Release|Any CPU
		{0D9E5D39-07F4-4B20-A459-3E3D62710E09}.Ad-Hoc|iPhoneSimulator.Build.0 = Release|Any CPU
		{0D9E5D39-07F4-4B20-A459-3E3D62710E09}.Ad-Hoc|iPhoneSimulator.Deploy.0 = Release|Any CPU
		{0D9E5D39-07F4-4B20-A459-3E3D62710E09}.Ad-Hoc|x64.ActiveCfg = Release|Any CPU
		{0D9E5D39-07F4-4B20-A459-3E3D62710E09}.Ad-Hoc|x64.Build.0 = Release|Any CPU
		{0D9E5D39-07F4-4B20-A459-3E3D62710E09}.Ad-Hoc|x64.Deploy.0 = Release|Any CPU
		{0D9E5D39-07F4-4B20-A459-3E3D62710E09}.Ad-Hoc|x86.ActiveCfg = Release|Any CPU
		{0D9E5D39-07F4-4B20-A459-3E3D62710E09}.Ad-Hoc|x86.Build.0 = Release|Any CPU
		{0D9E5D39-07F4-4B20-A459-3E3D62710E09}.Ad-Hoc|x86.Deploy.0 = Release|Any CPU
		{0D9E5D39-07F4-4B20-A459-3E3D62710E09}.AppStore|Any CPU.ActiveCfg = Release|Any CPU
		{0D9E5D39-07F4-4B20-A459-3E3D62710E09}.AppStore|Any CPU.Build.0 = Release|Any CPU
		{0D9E5D39-07F4-4B20-A459-3E3D62710E09}.AppStore|Any CPU.Deploy.0 = Release|Any CPU
		{0D9E5D39-07F4-4B20-A459-3E3D62710E09}.AppStore|ARM.ActiveCfg = Release|Any CPU
		{0D9E5D39-07F4-4B20-A459-3E3D62710E09}.AppStore|ARM.Build.0 = Release|Any CPU
		{0D9E5D39-07F4-4B20-A459-3E3D62710E09}.AppStore|ARM.Deploy.0 = Release|Any CPU
		{0D9E5D39-07F4-4B20-A459-3E3D62710E09}.AppStore|iPhone.ActiveCfg = Release|Any CPU
		{0D9E5D39-07F4-4B20-A459-3E3D62710E09}.AppStore|iPhone.Build.0 = Release|Any CPU
		{0D9E5D39-07F4-4B20-A459-3E3D62710E09}.AppStore|iPhone.Deploy.0 = Release|Any CPU
		{0D9E5D39-07F4-4B20-A459-3E3D62710E09}.AppStore|iPhoneSimulator.ActiveCfg = Release|Any CPU
		{0D9E5D39-07F4-4B20-A459-3E3D62710E09}.AppStore|iPhoneSimulator.Build.0 = Release|Any CPU
		{0D9E5D39-07F4-4B20-A459-3E3D62710E09}.AppStore|iPhoneSimulator.Deploy.0 = Release|Any CPU
		{0D9E5D39-07F4-4B20-A459-3E3D62710E09}.AppStore|x64.ActiveCfg = Release|Any CPU
		{0D9E5D39-07F4-4B20-A459-3E3D62710E09}.AppStore|x64.Build.0 = Release|Any CPU
		{0D9E5D39-07F4-4B20-A459-3E3D62710E09}.AppStore|x64.Deploy.0 = Release|Any CPU
		{0D9E5D39-07F4-4B20-A459-3E3D62710E09}.AppStore|x86.ActiveCfg = Release|Any CPU
		{0D9E5D39-07F4-4B20-A459-3E3D62710E09}.AppStore|x86.Build.0 = Release|Any CPU
		{0D9E5D39-07F4-4B20-A459-3E3D62710E09}.AppStore|x86.Deploy.0 = Release|Any CPU
		{0D9E5D39-07F4-4B20-A459-3E3D62710E09}.Debug|Any CPU.ActiveCfg = Debug|Any CPU
		{0D9E5D39-07F4-4B20-A459-3E3D62710E09}.Debug|Any CPU.Build.0 = Debug|Any CPU
		{0D9E5D39-07F4-4B20-A459-3E3D62710E09}.Debug|Any CPU.Deploy.0 = Debug|Any CPU
		{0D9E5D39-07F4-4B20-A459-3E3D62710E09}.Debug|ARM.ActiveCfg = Debug|Any CPU
		{0D9E5D39-07F4-4B20-A459-3E3D62710E09}.Debug|ARM.Build.0 = Debug|Any CPU
		{0D9E5D39-07F4-4B20-A459-3E3D62710E09}.Debug|ARM.Deploy.0 = Debug|Any CPU
		{0D9E5D39-07F4-4B20-A459-3E3D62710E09}.Debug|iPhone.ActiveCfg = Debug|Any CPU
		{0D9E5D39-07F4-4B20-A459-3E3D62710E09}.Debug|iPhone.Build.0 = Debug|Any CPU
		{0D9E5D39-07F4-4B20-A459-3E3D62710E09}.Debug|iPhone.Deploy.0 = Debug|Any CPU
		{0D9E5D39-07F4-4B20-A459-3E3D62710E09}.Debug|iPhoneSimulator.ActiveCfg = Debug|Any CPU
		{0D9E5D39-07F4-4B20-A459-3E3D62710E09}.Debug|iPhoneSimulator.Build.0 = Debug|Any CPU
		{0D9E5D39-07F4-4B20-A459-3E3D62710E09}.Debug|iPhoneSimulator.Deploy.0 = Debug|Any CPU
		{0D9E5D39-07F4-4B20-A459-3E3D62710E09}.Debug|x64.ActiveCfg = Debug|Any CPU
		{0D9E5D39-07F4-4B20-A459-3E3D62710E09}.Debug|x64.Build.0 = Debug|Any CPU
		{0D9E5D39-07F4-4B20-A459-3E3D62710E09}.Debug|x64.Deploy.0 = Debug|Any CPU
		{0D9E5D39-07F4-4B20-A459-3E3D62710E09}.Debug|x86.ActiveCfg = Debug|Any CPU
		{0D9E5D39-07F4-4B20-A459-3E3D62710E09}.Debug|x86.Build.0 = Debug|Any CPU
		{0D9E5D39-07F4-4B20-A459-3E3D62710E09}.Debug|x86.Deploy.0 = Debug|Any CPU
		{0D9E5D39-07F4-4B20-A459-3E3D62710E09}.Release|Any CPU.ActiveCfg = Release|Any CPU
		{0D9E5D39-07F4-4B20-A459-3E3D62710E09}.Release|Any CPU.Build.0 = Release|Any CPU
		{0D9E5D39-07F4-4B20-A459-3E3D62710E09}.Release|Any CPU.Deploy.0 = Release|Any CPU
		{0D9E5D39-07F4-4B20-A459-3E3D62710E09}.Release|ARM.ActiveCfg = Release|Any CPU
		{0D9E5D39-07F4-4B20-A459-3E3D62710E09}.Release|ARM.Build.0 = Release|Any CPU
		{0D9E5D39-07F4-4B20-A459-3E3D62710E09}.Release|ARM.Deploy.0 = Release|Any CPU
		{0D9E5D39-07F4-4B20-A459-3E3D62710E09}.Release|iPhone.ActiveCfg = Release|Any CPU
		{0D9E5D39-07F4-4B20-A459-3E3D62710E09}.Release|iPhone.Build.0 = Release|Any CPU
		{0D9E5D39-07F4-4B20-A459-3E3D62710E09}.Release|iPhone.Deploy.0 = Release|Any CPU
		{0D9E5D39-07F4-4B20-A459-3E3D62710E09}.Release|iPhoneSimulator.ActiveCfg = Release|Any CPU
		{0D9E5D39-07F4-4B20-A459-3E3D62710E09}.Release|iPhoneSimulator.Build.0 = Release|Any CPU
		{0D9E5D39-07F4-4B20-A459-3E3D62710E09}.Release|iPhoneSimulator.Deploy.0 = Release|Any CPU
		{0D9E5D39-07F4-4B20-A459-3E3D62710E09}.Release|x64.ActiveCfg = Release|Any CPU
		{0D9E5D39-07F4-4B20-A459-3E3D62710E09}.Release|x64.Build.0 = Release|Any CPU
		{0D9E5D39-07F4-4B20-A459-3E3D62710E09}.Release|x64.Deploy.0 = Release|Any CPU
		{0D9E5D39-07F4-4B20-A459-3E3D62710E09}.Release|x86.ActiveCfg = Release|Any CPU
		{0D9E5D39-07F4-4B20-A459-3E3D62710E09}.Release|x86.Build.0 = Release|Any CPU
		{0D9E5D39-07F4-4B20-A459-3E3D62710E09}.Release|x86.Deploy.0 = Release|Any CPU
		{53228C2F-215B-401D-849C-070231F9B060}.Ad-Hoc|Any CPU.ActiveCfg = Ad-Hoc|iPhone
		{53228C2F-215B-401D-849C-070231F9B060}.Ad-Hoc|ARM.ActiveCfg = Ad-Hoc|iPhone
		{53228C2F-215B-401D-849C-070231F9B060}.Ad-Hoc|iPhone.ActiveCfg = Ad-Hoc|iPhone
		{53228C2F-215B-401D-849C-070231F9B060}.Ad-Hoc|iPhone.Build.0 = Ad-Hoc|iPhone
		{53228C2F-215B-401D-849C-070231F9B060}.Ad-Hoc|iPhoneSimulator.ActiveCfg = Ad-Hoc|iPhoneSimulator
		{53228C2F-215B-401D-849C-070231F9B060}.Ad-Hoc|iPhoneSimulator.Build.0 = Ad-Hoc|iPhoneSimulator
		{53228C2F-215B-401D-849C-070231F9B060}.Ad-Hoc|x64.ActiveCfg = Ad-Hoc|iPhone
		{53228C2F-215B-401D-849C-070231F9B060}.Ad-Hoc|x86.ActiveCfg = Ad-Hoc|iPhone
		{53228C2F-215B-401D-849C-070231F9B060}.AppStore|Any CPU.ActiveCfg = AppStore|iPhone
		{53228C2F-215B-401D-849C-070231F9B060}.AppStore|ARM.ActiveCfg = AppStore|iPhone
		{53228C2F-215B-401D-849C-070231F9B060}.AppStore|iPhone.ActiveCfg = AppStore|iPhone
		{53228C2F-215B-401D-849C-070231F9B060}.AppStore|iPhone.Build.0 = AppStore|iPhone
		{53228C2F-215B-401D-849C-070231F9B060}.AppStore|iPhoneSimulator.ActiveCfg = AppStore|iPhoneSimulator
		{53228C2F-215B-401D-849C-070231F9B060}.AppStore|iPhoneSimulator.Build.0 = AppStore|iPhoneSimulator
		{53228C2F-215B-401D-849C-070231F9B060}.AppStore|x64.ActiveCfg = AppStore|iPhone
		{53228C2F-215B-401D-849C-070231F9B060}.AppStore|x86.ActiveCfg = AppStore|iPhone
		{53228C2F-215B-401D-849C-070231F9B060}.Debug|Any CPU.ActiveCfg = Debug|iPhone
		{53228C2F-215B-401D-849C-070231F9B060}.Debug|ARM.ActiveCfg = Debug|iPhone
		{53228C2F-215B-401D-849C-070231F9B060}.Debug|iPhone.ActiveCfg = Debug|iPhone
		{53228C2F-215B-401D-849C-070231F9B060}.Debug|iPhone.Build.0 = Debug|iPhone
		{53228C2F-215B-401D-849C-070231F9B060}.Debug|iPhoneSimulator.ActiveCfg = Debug|iPhoneSimulator
		{53228C2F-215B-401D-849C-070231F9B060}.Debug|iPhoneSimulator.Build.0 = Debug|iPhoneSimulator
		{53228C2F-215B-401D-849C-070231F9B060}.Debug|x64.ActiveCfg = Debug|iPhone
		{53228C2F-215B-401D-849C-070231F9B060}.Debug|x86.ActiveCfg = Debug|iPhone
		{53228C2F-215B-401D-849C-070231F9B060}.Release|Any CPU.ActiveCfg = Release|iPhone
		{53228C2F-215B-401D-849C-070231F9B060}.Release|ARM.ActiveCfg = Release|iPhone
		{53228C2F-215B-401D-849C-070231F9B060}.Release|iPhone.ActiveCfg = Release|iPhone
		{53228C2F-215B-401D-849C-070231F9B060}.Release|iPhone.Build.0 = Release|iPhone
		{53228C2F-215B-401D-849C-070231F9B060}.Release|iPhoneSimulator.ActiveCfg = Release|iPhoneSimulator
		{53228C2F-215B-401D-849C-070231F9B060}.Release|iPhoneSimulator.Build.0 = Release|iPhoneSimulator
		{53228C2F-215B-401D-849C-070231F9B060}.Release|x64.ActiveCfg = Release|iPhone
		{53228C2F-215B-401D-849C-070231F9B060}.Release|x86.ActiveCfg = Release|iPhone
		{3444269C-EC1C-4DEE-96AB-CAC33956BEED}.Ad-Hoc|Any CPU.ActiveCfg = Release|Any CPU
		{3444269C-EC1C-4DEE-96AB-CAC33956BEED}.Ad-Hoc|Any CPU.Build.0 = Release|Any CPU
		{3444269C-EC1C-4DEE-96AB-CAC33956BEED}.Ad-Hoc|ARM.ActiveCfg = Release|Any CPU
		{3444269C-EC1C-4DEE-96AB-CAC33956BEED}.Ad-Hoc|ARM.Build.0 = Release|Any CPU
		{3444269C-EC1C-4DEE-96AB-CAC33956BEED}.Ad-Hoc|iPhone.ActiveCfg = Release|Any CPU
		{3444269C-EC1C-4DEE-96AB-CAC33956BEED}.Ad-Hoc|iPhone.Build.0 = Release|Any CPU
		{3444269C-EC1C-4DEE-96AB-CAC33956BEED}.Ad-Hoc|iPhoneSimulator.ActiveCfg = Release|Any CPU
		{3444269C-EC1C-4DEE-96AB-CAC33956BEED}.Ad-Hoc|iPhoneSimulator.Build.0 = Release|Any CPU
		{3444269C-EC1C-4DEE-96AB-CAC33956BEED}.Ad-Hoc|x64.ActiveCfg = Release|Any CPU
		{3444269C-EC1C-4DEE-96AB-CAC33956BEED}.Ad-Hoc|x64.Build.0 = Release|Any CPU
		{3444269C-EC1C-4DEE-96AB-CAC33956BEED}.Ad-Hoc|x86.ActiveCfg = Release|Any CPU
		{3444269C-EC1C-4DEE-96AB-CAC33956BEED}.Ad-Hoc|x86.Build.0 = Release|Any CPU
		{3444269C-EC1C-4DEE-96AB-CAC33956BEED}.AppStore|Any CPU.ActiveCfg = Release|Any CPU
		{3444269C-EC1C-4DEE-96AB-CAC33956BEED}.AppStore|Any CPU.Build.0 = Release|Any CPU
		{3444269C-EC1C-4DEE-96AB-CAC33956BEED}.AppStore|ARM.ActiveCfg = Release|Any CPU
		{3444269C-EC1C-4DEE-96AB-CAC33956BEED}.AppStore|ARM.Build.0 = Release|Any CPU
		{3444269C-EC1C-4DEE-96AB-CAC33956BEED}.AppStore|iPhone.ActiveCfg = Release|Any CPU
		{3444269C-EC1C-4DEE-96AB-CAC33956BEED}.AppStore|iPhone.Build.0 = Release|Any CPU
		{3444269C-EC1C-4DEE-96AB-CAC33956BEED}.AppStore|iPhoneSimulator.ActiveCfg = Release|Any CPU
		{3444269C-EC1C-4DEE-96AB-CAC33956BEED}.AppStore|iPhoneSimulator.Build.0 = Release|Any CPU
		{3444269C-EC1C-4DEE-96AB-CAC33956BEED}.AppStore|x64.ActiveCfg = Release|Any CPU
		{3444269C-EC1C-4DEE-96AB-CAC33956BEED}.AppStore|x64.Build.0 = Release|Any CPU
		{3444269C-EC1C-4DEE-96AB-CAC33956BEED}.AppStore|x86.ActiveCfg = Release|Any CPU
		{3444269C-EC1C-4DEE-96AB-CAC33956BEED}.AppStore|x86.Build.0 = Release|Any CPU
		{3444269C-EC1C-4DEE-96AB-CAC33956BEED}.Debug|Any CPU.ActiveCfg = Debug|Any CPU
		{3444269C-EC1C-4DEE-96AB-CAC33956BEED}.Debug|Any CPU.Build.0 = Debug|Any CPU
		{3444269C-EC1C-4DEE-96AB-CAC33956BEED}.Debug|ARM.ActiveCfg = Debug|Any CPU
		{3444269C-EC1C-4DEE-96AB-CAC33956BEED}.Debug|ARM.Build.0 = Debug|Any CPU
		{3444269C-EC1C-4DEE-96AB-CAC33956BEED}.Debug|iPhone.ActiveCfg = Debug|Any CPU
		{3444269C-EC1C-4DEE-96AB-CAC33956BEED}.Debug|iPhone.Build.0 = Debug|Any CPU
		{3444269C-EC1C-4DEE-96AB-CAC33956BEED}.Debug|iPhoneSimulator.ActiveCfg = Debug|Any CPU
		{3444269C-EC1C-4DEE-96AB-CAC33956BEED}.Debug|iPhoneSimulator.Build.0 = Debug|Any CPU
		{3444269C-EC1C-4DEE-96AB-CAC33956BEED}.Debug|x64.ActiveCfg = Debug|Any CPU
		{3444269C-EC1C-4DEE-96AB-CAC33956BEED}.Debug|x64.Build.0 = Debug|Any CPU
		{3444269C-EC1C-4DEE-96AB-CAC33956BEED}.Debug|x86.ActiveCfg = Debug|Any CPU
		{3444269C-EC1C-4DEE-96AB-CAC33956BEED}.Debug|x86.Build.0 = Debug|Any CPU
		{3444269C-EC1C-4DEE-96AB-CAC33956BEED}.Release|Any CPU.ActiveCfg = Release|Any CPU
		{3444269C-EC1C-4DEE-96AB-CAC33956BEED}.Release|Any CPU.Build.0 = Release|Any CPU
		{3444269C-EC1C-4DEE-96AB-CAC33956BEED}.Release|ARM.ActiveCfg = Release|Any CPU
		{3444269C-EC1C-4DEE-96AB-CAC33956BEED}.Release|ARM.Build.0 = Release|Any CPU
		{3444269C-EC1C-4DEE-96AB-CAC33956BEED}.Release|iPhone.ActiveCfg = Release|Any CPU
		{3444269C-EC1C-4DEE-96AB-CAC33956BEED}.Release|iPhone.Build.0 = Release|Any CPU
		{3444269C-EC1C-4DEE-96AB-CAC33956BEED}.Release|iPhoneSimulator.ActiveCfg = Release|Any CPU
		{3444269C-EC1C-4DEE-96AB-CAC33956BEED}.Release|iPhoneSimulator.Build.0 = Release|Any CPU
		{3444269C-EC1C-4DEE-96AB-CAC33956BEED}.Release|x64.ActiveCfg = Release|Any CPU
		{3444269C-EC1C-4DEE-96AB-CAC33956BEED}.Release|x64.Build.0 = Release|Any CPU
		{3444269C-EC1C-4DEE-96AB-CAC33956BEED}.Release|x86.ActiveCfg = Release|Any CPU
		{3444269C-EC1C-4DEE-96AB-CAC33956BEED}.Release|x86.Build.0 = Release|Any CPU
	EndGlobalSection
	GlobalSection(SolutionProperties) = preSolution
		HideSolutionNode = FALSE
	EndGlobalSection
EndGlobal
